# This file was autogenerated by Stack.
# You should not edit this file by hand.
# For more information, please see the documentation at:
#   https://docs.haskellstack.org/en/stable/lock_files

packages:
- completed:
    hackage: HDBC-sqlite3-2.3.3.1@sha256:5025fd94d02b9b3f0b8b8233796dd9a85a0b3dda6503c6e671e3eddbc51cb4d4,2424
    pantry-tree:
      size: 1427
      sha256: 76e71f73502350ed3fe5fc64604a21a3c8027d49fe6846183d53dbdaf583437a
  original:
    hackage: HDBC-sqlite3-2.3.3.1
- completed:
    hackage: dates-0.2.1.1@sha256:b534b40cc3b2db426272a97409f5ed6762e4d77c7e4f421dcf59769494aed89c,1988
    pantry-tree:
      size: 389
      sha256: 149b56b1b026061b155232338e1490a12a3f34749f03eaf35d672b0c37fdd702
  original:
    hackage: dates-0.2.1.1
- completed:
    hackage: datetime-0.3.1@sha256:7e275bd0ce7a2f66445bedfa0006abaf4d41af4c2204c3f8004c17eab5480e74,1534
    pantry-tree:
      size: 334
      sha256: d41d182c143676464cb1774f0b7777e870ddeaf8b6cd5fee6ff0114997a1f504
  original:
    hackage: datetime-0.3.1
snapshots:
- completed:
    size: 421254
    url: https://raw.githubusercontent.com/commercialhaskell/stackage-snapshots/master/lts/7/8.yaml
    sha256: 6c23440fac4e17615e869c98e7c4bd40ce4a4333a95da82d2176ab598d5db63f
  original: lts-7.8
